
Microsoft Visual Studio Solution File, Format Version 12.00
# Visual Studio Version 17
VisualStudioVersion = 17.9.34723.18
MinimumVisualStudioVersion = 10.0.40219.1
Project("{FAE04EC0-301F-11D3-BF4B-00C04F79EFBC}") = "Pyramid", "Pyramid.csproj", "{899EAC23-E622-42CD-98E4-2481A23E6938}"
EndProject
Global
	GlobalSection(SolutionConfigurationPlatforms) = preSolution
		Debug|Any CPU = Debug|Any CPU
		Release|Any CPU = Release|Any CPU
	EndGlobalSection
	GlobalSection(ProjectConfigurationPlatforms) = postSolution
		{899EAC23-E622-42CD-98E4-2481A23E6938}.Debug|Any CPU.ActiveCfg = Debug|Any CPU
		{899EAC23-E622-42CD-98E4-2481A23E6938}.Debug|Any CPU.Build.0 = Debug|Any CPU
		{899EAC23-E622-42CD-98E4-2481A23E6938}.Release|Any CPU.ActiveCfg = Release|Any CPU
		{899EAC23-E622-42CD-98E4-2481A23E6938}.Release|Any CPU.Build.0 = Release|Any CPU
	EndGlobalSection
	GlobalSection(SolutionProperties) = preSolution
		HideSolutionNode = FALSE
	EndGlobalSection
	GlobalSection(ExtensibilityGlobals) = postSolution
		SolutionGuid = {CD96768B-402F-4016-9965-30A28AE20A34}
	EndGlobalSection
EndGlobal
